
Microsoft Visual Studio Solution File, Format Version 12.00
# Visual Studio Version 17
VisualStudioVersion = 17.14.36603.0
MinimumVisualStudioVersion = 10.0.40219.1
Project("{FAE04EC0-301F-11D3-BF4B-00C04F79EFBC}") = "GLMS.Web.Tests", "GLMS.Web.Tests\GLMS.Web.Tests.csproj", "{F3CE4A1E-106C-7E09-562A-1E130FBBE3AA}"
EndProject
Project("{FAE04EC0-301F-11D3-BF4B-00C04F79EFBC}") = "GLMS.Web", "GLMSwebApp\GLMS.Web.csproj", "{D40EA21F-10DF-5DF5-6527-EA08159D1379}"
EndProject
Project("{FAE04EC0-301F-11D3-BF4B-00C04F79EFBC}") = "GLMS.API", "GLMS.API\GLMS.API.csproj", "{901F55C8-F666-4D64-9B2B-2B624AC8C30D}"
EndProject
Global
	GlobalSection(SolutionConfigurationPlatforms) = preSolution
		Debug|Any CPU = Debug|Any CPU
		Release|Any CPU = Release|Any CPU
	EndGlobalSection
	GlobalSection(ProjectConfigurationPlatforms) = postSolution
		{F3CE4A1E-106C-7E09-562A-1E130FBBE3AA}.Debug|Any CPU.ActiveCfg = Debug|Any CPU
		{F3CE4A1E-106C-7E09-562A-1E130FBBE3AA}.Debug|Any CPU.Build.0 = Debug|Any CPU
		{F3CE4A1E-106C-7E09-562A-1E130FBBE3AA}.Release|Any CPU.ActiveCfg = Release|Any CPU
		{F3CE4A1E-106C-7E09-562A-1E130FBBE3AA}.Release|Any CPU.Build.0 = Release|Any CPU
		{D40EA21F-10DF-5DF5-6527-EA08159D1379}.Debug|Any CPU.ActiveCfg = Debug|Any CPU
		{D40EA21F-10DF-5DF5-6527-EA08159D1379}.Debug|Any CPU.Build.0 = Debug|Any CPU
		{D40EA21F-10DF-5DF5-6527-EA08159D1379}.Release|Any CPU.ActiveCfg = Release|Any CPU
		{D40EA21F-10DF-5DF5-6527-EA08159D1379}.Release|Any CPU.Build.0 = Release|Any CPU
		{901F55C8-F666-4D64-9B2B-2B624AC8C30D}.Debug|Any CPU.ActiveCfg = Debug|Any CPU
		{901F55C8-F666-4D64-9B2B-2B624AC8C30D}.Debug|Any CPU.Build.0 = Debug|Any CPU
		{901F55C8-F666-4D64-9B2B-2B624AC8C30D}.Release|Any CPU.ActiveCfg = Release|Any CPU
		{901F55C8-F666-4D64-9B2B-2B624AC8C30D}.Release|Any CPU.Build.0 = Release|Any CPU
	EndGlobalSection
	GlobalSection(SolutionProperties) = preSolution
		HideSolutionNode = FALSE
	EndGlobalSection
	GlobalSection(ExtensibilityGlobals) = postSolution
		SolutionGuid = {3DE00E49-2754-4479-8508-4AE7FCEB6ADE}
	EndGlobalSection
EndGlobal
